
Microsoft Visual Studio Solution File, Format Version 12.00
# Visual Studio Version 16
VisualStudioVersion = 16.0.30309.148
MinimumVisualStudioVersion = 10.0.40219.1
Project("{8BC9CEB8-8B4A-11D0-8D11-00A0C91BC942}") = "FluidEngineDemo", "FluidEngineDemo.vcxproj", "{C1000A0D-794F-4489-A9EE-7C903B128ADF}"
EndProject
Global
	GlobalSection(SolutionConfigurationPlatforms) = preSolution
		Debug|x64 = Debug|x64
		Debug|x86 = Debug|x86
		Release|x64 = Release|x64
		Release|x86 = Release|x86
	EndGlobalSection
	GlobalSection(ProjectConfigurationPlatforms) = postSolution
		{C1000A0D-794F-4489-A9EE-7C903B128ADF}.Debug|x64.ActiveCfg = Debug|x64
		{C1000A0D-794F-4489-A9EE-7C903B128ADF}.Debug|x64.Build.0 = Debug|x64
		{C1000A0D-794F-4489-A9EE-7C903B128ADF}.Debug|x86.ActiveCfg = Debug|Win32
		{C1000A0D-794F-4489-A9EE-7C903B128ADF}.Debug|x86.Build.0 = Debug|Win32
		{C1000A0D-794F-4489-A9EE-7C903B128ADF}.Release|x64.ActiveCfg = Release|x64
		{C1000A0D-794F-4489-A9EE-7C903B128ADF}.Release|x64.Build.0 = Release|x64
		{C1000A0D-794F-4489-A9EE-7C903B128ADF}.Release|x86.ActiveCfg = Release|Win32
		{C1000A0D-794F-4489-A9EE-7C903B128ADF}.Release|x86.Build.0 = Release|Win32
	EndGlobalSection
	GlobalSection(SolutionProperties) = preSolution
		HideSolutionNode = FALSE
	EndGlobalSection
	GlobalSection(ExtensibilityGlobals) = postSolution
		SolutionGuid = {4AA83DD8-9415-41C4-8C2F-5BD8DCAFA624}
	EndGlobalSection
EndGlobal
